// !$*UTF8*$!
{
	archiveVersion = 1;
	classes = {
	};
	objectVersion = 46;
	objects = {

/* Begin PBXAggregateTarget section */
		42720F6F163823AF008C8E63 /* all */ = {
			isa = PBXAggregateTarget;
			buildConfigurationList = 42720F70163823AF008C8E63 /* Build configuration list for PBXAggregateTarget "all" */;
			buildPhases = (
			);
			dependencies = (
				42A160C516B87E2F0007755C /* PBXTargetDependency */,
			);
			name = all;
			productName = all;
		};
/* End PBXAggregateTarget section */

/* Begin PBXBuildFile section */
		423243D918F075120047D8ED /* libea.a in Frameworks */ = {isa = PBXBuildFile; fileRef = 423243D818F075120047D8ED /* libea.a */; };
		428CB4F918F5A1D500E6093D /* libea.a in Frameworks */ = {isa = PBXBuildFile; fileRef = 423243D818F075120047D8ED /* libea.a */; };
		428CB4FA18F5A1D500E6093D /* libz.dylib in Frameworks */ = {isa = PBXBuildFile; fileRef = 42B7A9B616305C4B00BDBA8A /* libz.dylib */; };
		428CB50318F5A22100E6093D /* joint.cpp in Sources */ = {isa = PBXBuildFile; fileRef = 428CB50018F5A20700E6093D /* joint.cpp */; };
		428CB50918F5D09200E6093D /* libea.a in Frameworks */ = {isa = PBXBuildFile; fileRef = 423243D818F075120047D8ED /* libea.a */; };
		428CB50A18F5D09200E6093D /* libz.dylib in Frameworks */ = {isa = PBXBuildFile; fileRef = 42B7A9B616305C4B00BDBA8A /* libz.dylib */; };
		428CB51218F5D0AD00E6093D /* varjoint.cpp in Sources */ = {isa = PBXBuildFile; fileRef = 428CB51018F5D0AD00E6093D /* varjoint.cpp */; };
		42A1609316B82FDB0007755C /* normal.cpp in Sources */ = {isa = PBXBuildFile; fileRef = 42F4EE6916AEE845000123A4 /* normal.cpp */; };
		42F4EE5F16AEE80D000123A4 /* libz.dylib in Frameworks */ = {isa = PBXBuildFile; fileRef = 42B7A9B616305C4B00BDBA8A /* libz.dylib */; };
/* End PBXBuildFile section */

/* Begin PBXContainerItemProxy section */
		42A160C416B87E2F0007755C /* PBXContainerItemProxy */ = {
			isa = PBXContainerItemProxy;
			containerPortal = 4244196715859482009863BE /* Project object */;
			proxyType = 1;
			remoteGlobalIDString = 42F4EE5B16AEE80D000123A4;
			remoteInfo = "matrix-mkv";
		};
/* End PBXContainerItemProxy section */

/* Begin PBXCopyFilesBuildPhase section */
		428CB4FB18F5A1D500E6093D /* CopyFiles */ = {
			isa = PBXCopyFilesBuildPhase;
			buildActionMask = 2147483647;
			dstPath = /usr/share/man/man1/;
			dstSubfolderSpec = 0;
			files = (
			);
			runOnlyForDeploymentPostprocessing = 1;
		};
		428CB50B18F5D09200E6093D /* CopyFiles */ = {
			isa = PBXCopyFilesBuildPhase;
			buildActionMask = 2147483647;
			dstPath = /usr/share/man/man1/;
			dstSubfolderSpec = 0;
			files = (
			);
			runOnlyForDeploymentPostprocessing = 1;
		};
		42F4EE6216AEE80D000123A4 /* CopyFiles */ = {
			isa = PBXCopyFilesBuildPhase;
			buildActionMask = 2147483647;
			dstPath = /usr/share/man/man1/;
			dstSubfolderSpec = 0;
			files = (
			);
			runOnlyForDeploymentPostprocessing = 1;
		};
/* End PBXCopyFilesBuildPhase section */

/* Begin PBXFileReference section */
		423243D818F075120047D8ED /* libea.a */ = {isa = PBXFileReference; lastKnownFileType = archive.ar; name = libea.a; path = ../DerivedData/research/Build/Products/Debug/libea.a; sourceTree = "<group>"; };
		42441B3E15862E1B009863BE /* Jamroot */ = {isa = PBXFileReference; lastKnownFileType = text; path = Jamroot; sourceTree = "<group>"; };
		42706B11166AF51C003FB2E3 /* template.xcconfig */ = {isa = PBXFileReference; lastKnownFileType = text.xcconfig; path = template.xcconfig; sourceTree = "<group>"; };
		4281FF0216C4929F0066610C /* evomodel-normal.cfg */ = {isa = PBXFileReference; lastKnownFileType = text; path = "evomodel-normal.cfg"; sourceTree = "<group>"; };
		428CB4FF18F5A1D500E6093D /* evomodel-joint */ = {isa = PBXFileReference; explicitFileType = "compiled.mach-o.executable"; includeInIndex = 0; path = "evomodel-joint"; sourceTree = BUILT_PRODUCTS_DIR; };
		428CB50018F5A20700E6093D /* joint.cpp */ = {isa = PBXFileReference; fileEncoding = 4; lastKnownFileType = sourcecode.cpp.cpp; path = joint.cpp; sourceTree = "<group>"; };
		428CB50118F5A20700E6093D /* joint.h */ = {isa = PBXFileReference; fileEncoding = 4; lastKnownFileType = sourcecode.c.h; path = joint.h; sourceTree = "<group>"; };
		428CB50418F5A7F600E6093D /* evomodel-joint.cfg */ = {isa = PBXFileReference; lastKnownFileType = text; path = "evomodel-joint.cfg"; sourceTree = "<group>"; };
		428CB50F18F5D09200E6093D /* evomodel-varjoint */ = {isa = PBXFileReference; explicitFileType = "compiled.mach-o.executable"; includeInIndex = 0; path = "evomodel-varjoint"; sourceTree = BUILT_PRODUCTS_DIR; };
		428CB51018F5D0AD00E6093D /* varjoint.cpp */ = {isa = PBXFileReference; fileEncoding = 4; lastKnownFileType = sourcecode.cpp.cpp; path = varjoint.cpp; sourceTree = "<group>"; };
		428CB51118F5D0AD00E6093D /* varjoint.h */ = {isa = PBXFileReference; fileEncoding = 4; lastKnownFileType = sourcecode.c.h; path = varjoint.h; sourceTree = "<group>"; };
		428CB51318F5D11C00E6093D /* evomodel-varjoint.cfg */ = {isa = PBXFileReference; lastKnownFileType = text; path = "evomodel-varjoint.cfg"; sourceTree = "<group>"; };
		42908C4916BEA43A00712DA8 /* normal.h */ = {isa = PBXFileReference; lastKnownFileType = sourcecode.c.h; path = normal.h; sourceTree = "<group>"; };
		42B7A9B616305C4B00BDBA8A /* libz.dylib */ = {isa = PBXFileReference; lastKnownFileType = "compiled.mach-o.dylib"; name = libz.dylib; path = usr/lib/libz.dylib; sourceTree = SDKROOT; };
		42C0BD14166129C400009440 /* analysis.h */ = {isa = PBXFileReference; lastKnownFileType = sourcecode.c.h; path = analysis.h; sourceTree = "<group>"; };
		42F4EE6616AEE80D000123A4 /* evomodel */ = {isa = PBXFileReference; explicitFileType = "compiled.mach-o.executable"; includeInIndex = 0; name = evomodel; path = "evomodel-normal"; sourceTree = BUILT_PRODUCTS_DIR; };
		42F4EE6916AEE845000123A4 /* normal.cpp */ = {isa = PBXFileReference; fileEncoding = 4; lastKnownFileType = sourcecode.cpp.cpp; path = normal.cpp; sourceTree = "<group>"; };
/* End PBXFileReference section */

/* Begin PBXFrameworksBuildPhase section */
		428CB4F818F5A1D500E6093D /* Frameworks */ = {
			isa = PBXFrameworksBuildPhase;
			buildActionMask = 2147483647;
			files = (
				428CB4F918F5A1D500E6093D /* libea.a in Frameworks */,
				428CB4FA18F5A1D500E6093D /* libz.dylib in Frameworks */,
			);
			runOnlyForDeploymentPostprocessing = 0;
		};
		428CB50818F5D09200E6093D /* Frameworks */ = {
			isa = PBXFrameworksBuildPhase;
			buildActionMask = 2147483647;
			files = (
				428CB50918F5D09200E6093D /* libea.a in Frameworks */,
				428CB50A18F5D09200E6093D /* libz.dylib in Frameworks */,
			);
			runOnlyForDeploymentPostprocessing = 0;
		};
		42F4EE5E16AEE80D000123A4 /* Frameworks */ = {
			isa = PBXFrameworksBuildPhase;
			buildActionMask = 2147483647;
			files = (
				423243D918F075120047D8ED /* libea.a in Frameworks */,
				42F4EE5F16AEE80D000123A4 /* libz.dylib in Frameworks */,
			);
			runOnlyForDeploymentPostprocessing = 0;
		};
/* End PBXFrameworksBuildPhase section */

/* Begin PBXGroup section */
		4244196515859482009863BE = {
			isa = PBXGroup;
			children = (
				42441B3E15862E1B009863BE /* Jamroot */,
				42441A7A15861669009863BE /* etc */,
				424419941585961A009863BE /* lib */,
				42441A01158613F5009863BE /* src */,
				4244197115859482009863BE /* Products */,
			);
			sourceTree = "<group>";
		};
		4244197115859482009863BE /* Products */ = {
			isa = PBXGroup;
			children = (
				42F4EE6616AEE80D000123A4 /* evomodel */,
				428CB4FF18F5A1D500E6093D /* evomodel-joint */,
				428CB50F18F5D09200E6093D /* evomodel-varjoint */,
			);
			name = Products;
			sourceTree = "<group>";
		};
		424419941585961A009863BE /* lib */ = {
			isa = PBXGroup;
			children = (
				423243D818F075120047D8ED /* libea.a */,
				42B7A9B616305C4B00BDBA8A /* libz.dylib */,
			);
			name = lib;
			path = ../apps;
			sourceTree = "<group>";
		};
		42441A01158613F5009863BE /* src */ = {
			isa = PBXGroup;
			children = (
				428CB50018F5A20700E6093D /* joint.cpp */,
				428CB50118F5A20700E6093D /* joint.h */,
				428CB51018F5D0AD00E6093D /* varjoint.cpp */,
				428CB51118F5D0AD00E6093D /* varjoint.h */,
				42F4EE6916AEE845000123A4 /* normal.cpp */,
				42908C4916BEA43A00712DA8 /* normal.h */,
				42C0BD14166129C400009440 /* analysis.h */,
			);
			path = src;
			sourceTree = "<group>";
		};
		42441A7A15861669009863BE /* etc */ = {
			isa = PBXGroup;
			children = (
				4281FF0216C4929F0066610C /* evomodel-normal.cfg */,
				428CB50418F5A7F600E6093D /* evomodel-joint.cfg */,
				428CB51318F5D11C00E6093D /* evomodel-varjoint.cfg */,
				42706B11166AF51C003FB2E3 /* template.xcconfig */,
			);
			path = etc;
			sourceTree = "<group>";
		};
/* End PBXGroup section */

/* Begin PBXNativeTarget section */
		428CB4F518F5A1D500E6093D /* evomodel-joint */ = {
			isa = PBXNativeTarget;
			buildConfigurationList = 428CB4FC18F5A1D500E6093D /* Build configuration list for PBXNativeTarget "evomodel-joint" */;
			buildPhases = (
				428CB4F618F5A1D500E6093D /* Sources */,
				428CB4F818F5A1D500E6093D /* Frameworks */,
				428CB4FB18F5A1D500E6093D /* CopyFiles */,
			);
			buildRules = (
			);
			dependencies = (
			);
			name = "evomodel-joint";
			productName = "ocr-single";
			productReference = 428CB4FF18F5A1D500E6093D /* evomodel-joint */;
			productType = "com.apple.product-type.tool";
		};
		428CB50518F5D09200E6093D /* evomodel-varjoint */ = {
			isa = PBXNativeTarget;
			buildConfigurationList = 428CB50C18F5D09200E6093D /* Build configuration list for PBXNativeTarget "evomodel-varjoint" */;
			buildPhases = (
				428CB50618F5D09200E6093D /* Sources */,
				428CB50818F5D09200E6093D /* Frameworks */,
				428CB50B18F5D09200E6093D /* CopyFiles */,
			);
			buildRules = (
			);
			dependencies = (
			);
			name = "evomodel-varjoint";
			productName = "ocr-single";
			productReference = 428CB50F18F5D09200E6093D /* evomodel-varjoint */;
			productType = "com.apple.product-type.tool";
		};
		42F4EE5B16AEE80D000123A4 /* evomodel-normal */ = {
			isa = PBXNativeTarget;
			buildConfigurationList = 42F4EE6316AEE80D000123A4 /* Build configuration list for PBXNativeTarget "evomodel-normal" */;
			buildPhases = (
				42F4EE5C16AEE80D000123A4 /* Sources */,
				42F4EE5E16AEE80D000123A4 /* Frameworks */,
				42F4EE6216AEE80D000123A4 /* CopyFiles */,
			);
			buildRules = (
			);
			dependencies = (
			);
			name = "evomodel-normal";
			productName = "ocr-single";
			productReference = 42F4EE6616AEE80D000123A4 /* evomodel */;
			productType = "com.apple.product-type.tool";
		};
/* End PBXNativeTarget section */

/* Begin PBXProject section */
		4244196715859482009863BE /* Project object */ = {
			isa = PBXProject;
			attributes = {
				ORGANIZATIONNAME = "Michigan State University";
			};
			buildConfigurationList = 4244196A15859482009863BE /* Build configuration list for PBXProject "evomodel" */;
			compatibilityVersion = "Xcode 3.2";
			developmentRegion = English;
			hasScannedForEncodings = 0;
			knownRegions = (
				en,
			);
			mainGroup = 4244196515859482009863BE;
			productRefGroup = 4244197115859482009863BE /* Products */;
			projectDirPath = "";
			projectRoot = "";
			targets = (
				42720F6F163823AF008C8E63 /* all */,
				42F4EE5B16AEE80D000123A4 /* evomodel-normal */,
				428CB4F518F5A1D500E6093D /* evomodel-joint */,
				428CB50518F5D09200E6093D /* evomodel-varjoint */,
			);
		};
/* End PBXProject section */

/* Begin PBXSourcesBuildPhase section */
		428CB4F618F5A1D500E6093D /* Sources */ = {
			isa = PBXSourcesBuildPhase;
			buildActionMask = 2147483647;
			files = (
				428CB50318F5A22100E6093D /* joint.cpp in Sources */,
			);
			runOnlyForDeploymentPostprocessing = 0;
		};
		428CB50618F5D09200E6093D /* Sources */ = {
			isa = PBXSourcesBuildPhase;
			buildActionMask = 2147483647;
			files = (
				428CB51218F5D0AD00E6093D /* varjoint.cpp in Sources */,
			);
			runOnlyForDeploymentPostprocessing = 0;
		};
		42F4EE5C16AEE80D000123A4 /* Sources */ = {
			isa = PBXSourcesBuildPhase;
			buildActionMask = 2147483647;
			files = (
				42A1609316B82FDB0007755C /* normal.cpp in Sources */,
			);
			runOnlyForDeploymentPostprocessing = 0;
		};
/* End PBXSourcesBuildPhase section */

/* Begin PBXTargetDependency section */
		42A160C516B87E2F0007755C /* PBXTargetDependency */ = {
			isa = PBXTargetDependency;
			target = 42F4EE5B16AEE80D000123A4 /* evomodel-normal */;
			targetProxy = 42A160C416B87E2F0007755C /* PBXContainerItemProxy */;
		};
/* End PBXTargetDependency section */

/* Begin XCBuildConfiguration section */
		4244197815859482009863BE /* Debug */ = {
			isa = XCBuildConfiguration;
			baseConfigurationReference = 42706B11166AF51C003FB2E3 /* template.xcconfig */;
			buildSettings = {
			};
			name = Debug;
		};
		4244197915859482009863BE /* Release */ = {
			isa = XCBuildConfiguration;
			baseConfigurationReference = 42706B11166AF51C003FB2E3 /* template.xcconfig */;
			buildSettings = {
			};
			name = Release;
		};
		42720F71163823AF008C8E63 /* Debug */ = {
			isa = XCBuildConfiguration;
			buildSettings = {
			};
			name = Debug;
		};
		42720F72163823AF008C8E63 /* Release */ = {
			isa = XCBuildConfiguration;
			buildSettings = {
			};
			name = Release;
		};
		428CB4FD18F5A1D500E6093D /* Debug */ = {
			isa = XCBuildConfiguration;
			buildSettings = {
			};
			name = Debug;
		};
		428CB4FE18F5A1D500E6093D /* Release */ = {
			isa = XCBuildConfiguration;
			buildSettings = {
			};
			name = Release;
		};
		428CB50D18F5D09200E6093D /* Debug */ = {
			isa = XCBuildConfiguration;
			buildSettings = {
			};
			name = Debug;
		};
		428CB50E18F5D09200E6093D /* Release */ = {
			isa = XCBuildConfiguration;
			buildSettings = {
			};
			name = Release;
		};
		42F4EE6416AEE80D000123A4 /* Debug */ = {
			isa = XCBuildConfiguration;
			buildSettings = {
				LIBRARY_SEARCH_PATHS = (
					"$(inherited)",
					/Users/dk/Documents/repositories/research.hg/src/DerivedData/research/Build/Products/Debug,
				);
			};
			name = Debug;
		};
		42F4EE6516AEE80D000123A4 /* Release */ = {
			isa = XCBuildConfiguration;
			buildSettings = {
				LIBRARY_SEARCH_PATHS = (
					"$(inherited)",
					/Users/dk/Documents/repositories/research.hg/src/DerivedData/research/Build/Products/Debug,
				);
			};
			name = Release;
		};
/* End XCBuildConfiguration section */

/* Begin XCConfigurationList section */
		4244196A15859482009863BE /* Build configuration list for PBXProject "evomodel" */ = {
			isa = XCConfigurationList;
			buildConfigurations = (
				4244197815859482009863BE /* Debug */,
				4244197915859482009863BE /* Release */,
			);
			defaultConfigurationIsVisible = 0;
			defaultConfigurationName = Release;
		};
		42720F70163823AF008C8E63 /* Build configuration list for PBXAggregateTarget "all" */ = {
			isa = XCConfigurationList;
			buildConfigurations = (
				42720F71163823AF008C8E63 /* Debug */,
				42720F72163823AF008C8E63 /* Release */,
			);
			defaultConfigurationIsVisible = 0;
			defaultConfigurationName = Release;
		};
		428CB4FC18F5A1D500E6093D /* Build configuration list for PBXNativeTarget "evomodel-joint" */ = {
			isa = XCConfigurationList;
			buildConfigurations = (
				428CB4FD18F5A1D500E6093D /* Debug */,
				428CB4FE18F5A1D500E6093D /* Release */,
			);
			defaultConfigurationIsVisible = 0;
			defaultConfigurationName = Release;
		};
		428CB50C18F5D09200E6093D /* Build configuration list for PBXNativeTarget "evomodel-varjoint" */ = {
			isa = XCConfigurationList;
			buildConfigurations = (
				428CB50D18F5D09200E6093D /* Debug */,
				428CB50E18F5D09200E6093D /* Release */,
			);
			defaultConfigurationIsVisible = 0;
			defaultConfigurationName = Release;
		};
		42F4EE6316AEE80D000123A4 /* Build configuration list for PBXNativeTarget "evomodel-normal" */ = {
			isa = XCConfigurationList;
			buildConfigurations = (
				42F4EE6416AEE80D000123A4 /* Debug */,
				42F4EE6516AEE80D000123A4 /* Release */,
			);
			defaultConfigurationIsVisible = 0;
			defaultConfigurationName = Release;
		};
/* End XCConfigurationList section */
	};
	rootObject = 4244196715859482009863BE /* Project object */;
}
